PODS:
  - SunbeamTimerService (0.1.6)

DEPENDENCIES:
  - SunbeamTimerService (from `../`)

EXTERNAL SOURCES:
  SunbeamTimerService:
    :path: ../

SPEC CHECKSUMS:
  SunbeamTimerService: 1c71501d3eddff124a85bc9ee0f53fbba405bb89

PODFILE CHECKSUM: e2cefc6487d11e8d1c0e62de5c48ac8d3ede0ab0

COCOAPODS: 1.0.1
