PODS:
  - SunbeamTimerService (0.1.5)

DEPENDENCIES:
  - SunbeamTimerService (from `../`)

EXTERNAL SOURCES:
  SunbeamTimerService:
    :path: ../

SPEC CHECKSUMS:
  SunbeamTimerService: 2e4436397c49a09df14e135ee62fadbcb950be76

PODFILE CHECKSUM: e2cefc6487d11e8d1c0e62de5c48ac8d3ede0ab0

COCOAPODS: 1.0.1
