PODS:
  - MSWeakTimer (1.1.0)
  - SunbeamTimerService (0.1.9):
    - MSWeakTimer

DEPENDENCIES:
  - SunbeamTimerService (from `../`)

EXTERNAL SOURCES:
  SunbeamTimerService:
    :path: ../

SPEC CHECKSUMS:
  MSWeakTimer: 9426150f933b80ed3acf3f6d228e4b61f0e303c8
  SunbeamTimerService: e6a24a363706f4a33715c8c81de1dec90043ce84

PODFILE CHECKSUM: e2cefc6487d11e8d1c0e62de5c48ac8d3ede0ab0

COCOAPODS: 1.0.1
